<?xml version="1.0" encoding="utf-8"?>
<Project ToolsVersion="4.0" xmlns="http://schemas.microsoft.com/developer/msbuild/2003">
  <ItemGroup>
    <Filter Include="소스 파일">
      <UniqueIdentifier>{4FC737F1-C7A5-4376-A066-2A32D752A2FF}</UniqueIdentifier>
      <Extensions>cpp;c;cc;cxx;c++;cppm;ixx;def;odl;idl;hpj;bat;asm;asmx</Extensions>
    </Filter>
    <Filter Include="헤더 파일">
      <UniqueIdentifier>{93995380-89BD-4b04-88EB-625FBE52EBFB}</UniqueIdentifier>
      <Extensions>h;hh;hpp;hxx;h++;hm;inl;inc;ipp;xsd</Extensions>
    </Filter>
    <Filter Include="리소스 파일">
      <UniqueIdentifier>{67DA6AB6-F800-4c08-8B7A-83BB121AAD01}</UniqueIdentifier>
      <Extensions>rc;ico;cur;bmp;dlg;rc2;rct;bin;rgs;gif;jpg;jpeg;jpe;resx;tiff;tif;png;wav;mfcribbon-ms</Extensions>
    </Filter>
  </ItemGroup>
  <ItemGroup>
    <ClCompile Include="1010.cpp">
      <Filter>소스 파일</Filter>
    </ClCompile>
    <ClCompile Include="1000.cpp">
      <Filter>소스 파일</Filter>
    </ClCompile>
    <ClCompile Include="1008.cpp">
      <Filter>소스 파일</Filter>
    </ClCompile>
    <ClCompile Include="1966.cpp">
      <Filter>소스 파일</Filter>
    </ClCompile>
    <ClCompile Include="1927.cpp">
      <Filter>소스 파일</Filter>
    </ClCompile>
    <ClCompile Include="1453.cpp">
      <Filter>소스 파일</Filter>
    </ClCompile>
    <ClCompile Include="1500_최대곱.cpp">
      <Filter>소스 파일</Filter>
    </ClCompile>
    <ClCompile Include="1932_정수삼각형.cpp">
      <Filter>소스 파일</Filter>
    </ClCompile>
    <ClCompile Include="1149_RGB거리.cpp">
      <Filter>소스 파일</Filter>
    </ClCompile>
    <ClCompile Include="1697_숨바꼭질.cpp">
      <Filter>소스 파일</Filter>
    </ClCompile>
    <ClCompile Include="2178_미로탐색.cpp">
      <Filter>소스 파일</Filter>
    </ClCompile>
    <ClCompile Include="3019_테트리스.cpp">
      <Filter>소스 파일</Filter>
    </ClCompile>
    <ClCompile Include="2667_단지번호붙이기.cpp">
      <Filter>소스 파일</Filter>
    </ClCompile>
    <ClCompile Include="3079_입국심사.cpp">
      <Filter>소스 파일</Filter>
    </ClCompile>
    <ClCompile Include="7576_토마토.cpp">
      <Filter>소스 파일</Filter>
    </ClCompile>
    <ClCompile Include="7569_토마토3D.cpp">
      <Filter>소스 파일</Filter>
    </ClCompile>
    <ClCompile Include="12865_평범한배낭.cpp">
      <Filter>소스 파일</Filter>
    </ClCompile>
    <ClCompile Include="2293_동전.cpp">
      <Filter>소스 파일</Filter>
    </ClCompile>
    <ClCompile Include="1991_트리순회.cpp">
      <Filter>소스 파일</Filter>
    </ClCompile>
    <ClCompile Include="9663_NQueen.cpp">
      <Filter>소스 파일</Filter>
    </ClCompile>
    <ClCompile Include="2155_삼각형의 최단 경로.cpp">
      <Filter>소스 파일</Filter>
    </ClCompile>
    <ClCompile Include="18352_특정 거리의 도시찾기.cpp">
      <Filter>소스 파일</Filter>
    </ClCompile>
    <ClCompile Include="1916_최소비용구하기.cpp">
      <Filter>소스 파일</Filter>
    </ClCompile>
    <ClCompile Include="4811_알약.cpp">
      <Filter>소스 파일</Filter>
    </ClCompile>
    <ClCompile Include="7662_이중우선순위 큐.cpp">
      <Filter>소스 파일</Filter>
    </ClCompile>
    <ClCompile Include="set 정리.cpp">
      <Filter>소스 파일</Filter>
    </ClCompile>
    <ClCompile Include="6497_전력난.cpp">
      <Filter>소스 파일</Filter>
    </ClCompile>
    <ClCompile Include="13549_숨바꼭질.cpp">
      <Filter>소스 파일</Filter>
    </ClCompile>
    <ClCompile Include="11404_플로이드.cpp">
      <Filter>소스 파일</Filter>
    </ClCompile>
    <ClCompile Include="6198_옥상정원.cpp">
      <Filter>소스 파일</Filter>
    </ClCompile>
    <ClCompile Include="1600_말이 되고픈 원숭이.cpp">
      <Filter>소스 파일</Filter>
    </ClCompile>
    <ClCompile Include="5052_전화번호 목록.cpp">
      <Filter>소스 파일</Filter>
    </ClCompile>
    <ClCompile Include="1405_미친로봇.cpp">
      <Filter>소스 파일</Filter>
    </ClCompile>
    <ClCompile Include="1759_암호 만들기.cpp">
      <Filter>소스 파일</Filter>
    </ClCompile>
    <ClCompile Include="1977_완전제곱수.cpp">
      <Filter>소스 파일</Filter>
    </ClCompile>
    <ClCompile Include="11098_첼시를도와줘.cpp">
      <Filter>소스 파일</Filter>
    </ClCompile>
    <ClCompile Include="5635_생일.cpp">
      <Filter>소스 파일</Filter>
    </ClCompile>
    <ClCompile Include="1408_24.cpp">
      <Filter>소스 파일</Filter>
    </ClCompile>
    <ClCompile Include="2439_별찍기2.cpp">
      <Filter>소스 파일</Filter>
    </ClCompile>
    <ClCompile Include="8393_합.cpp">
      <Filter>소스 파일</Filter>
    </ClCompile>
    <ClCompile Include="2609_최대공약수와 최대공배수.cpp">
      <Filter>소스 파일</Filter>
    </ClCompile>
    <ClCompile Include="10984_내 학점을 구해줘.cpp">
      <Filter>소스 파일</Filter>
    </ClCompile>
    <ClCompile Include="9325_얼마.cpp">
      <Filter>소스 파일</Filter>
    </ClCompile>
    <ClCompile Include="17144_미세먼지안녕.cpp">
      <Filter>소스 파일</Filter>
    </ClCompile>
    <ClCompile Include="12886_돌그룹.cpp">
      <Filter>소스 파일</Filter>
    </ClCompile>
    <ClCompile Include="10282_해킹.cpp">
      <Filter>소스 파일</Filter>
    </ClCompile>
    <ClCompile Include="1038_감소하는 수.cpp">
      <Filter>소스 파일</Filter>
    </ClCompile>
    <ClCompile Include="1188_음식평론가.cpp">
      <Filter>소스 파일</Filter>
    </ClCompile>
    <ClCompile Include="2748_피보나치 수2.cpp">
      <Filter>소스 파일</Filter>
    </ClCompile>
    <ClCompile Include="5565_영수증.cpp">
      <Filter>소스 파일</Filter>
    </ClCompile>
    <ClCompile Include="2010_플러그.cpp">
      <Filter>소스 파일</Filter>
    </ClCompile>
    <ClCompile Include="동전 양의정수.cpp">
      <Filter>소스 파일</Filter>
    </ClCompile>
    <ClCompile Include="유적지 자물쇠,키.cpp">
      <Filter>소스 파일</Filter>
    </ClCompile>
    <ClCompile Include="2908_상수.cpp">
      <Filter>소스 파일</Filter>
    </ClCompile>
    <ClCompile Include="2460_지능형기차2.cpp">
      <Filter>소스 파일</Filter>
    </ClCompile>
    <ClCompile Include="2577_숫자의개수.cpp">
      <Filter>소스 파일</Filter>
    </ClCompile>
    <ClCompile Include="11655_ROT13.cpp">
      <Filter>소스 파일</Filter>
    </ClCompile>
    <ClCompile Include="11170_0의개수.cpp">
      <Filter>소스 파일</Filter>
    </ClCompile>
    <ClCompile Include="11365_!밀비급일.cpp">
      <Filter>소스 파일</Filter>
    </ClCompile>
    <ClCompile Include="9086_문자열.cpp">
      <Filter>소스 파일</Filter>
    </ClCompile>
    <ClCompile Include="5218_알파벳거리.cpp">
      <Filter>소스 파일</Filter>
    </ClCompile>
    <ClCompile Include="1157_단어 공부.cpp">
      <Filter>소스 파일</Filter>
    </ClCompile>
    <ClCompile Include="2493_탑.cpp">
      <Filter>소스 파일</Filter>
    </ClCompile>
    <ClCompile Include="가사검색.cpp">
      <Filter>소스 파일</Filter>
    </ClCompile>
    <ClCompile Include="승준질문.cpp">
      <Filter>소스 파일</Filter>
    </ClCompile>
    <ClCompile Include="프로그래머스_2.cpp">
      <Filter>소스 파일</Filter>
    </ClCompile>
    <ClCompile Include="프로그래머스_3.cpp">
      <Filter>소스 파일</Filter>
    </ClCompile>
    <ClCompile Include="프로그래머스_1.cpp">
      <Filter>소스 파일</Filter>
    </ClCompile>
  </ItemGroup>
</Project>